
Microsoft Visual Studio Solution File, Format Version 12.00
# Visual Studio 15
VisualStudioVersion = 15.0.28010.2036
MinimumVisualStudioVersion = 10.0.40219.1
Project("{FAE04EC0-301F-11D3-BF4B-00C04F79EFBC}") = "REST_ASP_NET", "REST_ASP_NET\REST_ASP_NET.csproj", "{87630435-95BB-47D3-A684-55E0ECE7A4A8}"
EndProject
Global
	GlobalSection(SolutionConfigurationPlatforms) = preSolution
		Debug|Any CPU = Debug|Any CPU
		Release|Any CPU = Release|Any CPU
	EndGlobalSection
	GlobalSection(ProjectConfigurationPlatforms) = postSolution
		{87630435-95BB-47D3-A684-55E0ECE7A4A8}.Debug|Any CPU.ActiveCfg = Debug|Any CPU
		{87630435-95BB-47D3-A684-55E0ECE7A4A8}.Debug|Any CPU.Build.0 = Debug|Any CPU
		{87630435-95BB-47D3-A684-55E0ECE7A4A8}.Release|Any CPU.ActiveCfg = Release|Any CPU
		{87630435-95BB-47D3-A684-55E0ECE7A4A8}.Release|Any CPU.Build.0 = Release|Any CPU
	EndGlobalSection
	GlobalSection(SolutionProperties) = preSolution
		HideSolutionNode = FALSE
	EndGlobalSection
	GlobalSection(ExtensibilityGlobals) = postSolution
		SolutionGuid = {28293FDC-649E-43A1-8722-5E67F979A358}
	EndGlobalSection
EndGlobal
